
Microsoft Visual Studio Solution File, Format Version 12.00
# Visual Studio Version 17
VisualStudioVersion = 17.2.32505.173
MinimumVisualStudioVersion = 10.0.40219.1
Project("{9A19103F-16F7-4668-BE54-9A1E7A4F7556}") = "Inventario", "Inventario\Inventario.csproj", "{13176C95-F239-4868-93C3-466E132694CD}"
EndProject
Project("{FAE04EC0-301F-11D3-BF4B-00C04F79EFBC}") = "BDatos", "BDatos\BDatos.csproj", "{F498FD1E-A445-4E78-97B9-D0685DA69C78}"
EndProject
Project("{FAE04EC0-301F-11D3-BF4B-00C04F79EFBC}") = "Logica", "Logica\Logica.csproj", "{57577F36-8D7D-40BE-A0DA-C6352A6932D7}"
EndProject
Global
	GlobalSection(SolutionConfigurationPlatforms) = preSolution
		Debug|Any CPU = Debug|Any CPU
		Release|Any CPU = Release|Any CPU
	EndGlobalSection
	GlobalSection(ProjectConfigurationPlatforms) = postSolution
		{13176C95-F239-4868-93C3-466E132694CD}.Debug|Any CPU.ActiveCfg = Debug|Any CPU
		{13176C95-F239-4868-93C3-466E132694CD}.Debug|Any CPU.Build.0 = Debug|Any CPU
		{13176C95-F239-4868-93C3-466E132694CD}.Release|Any CPU.ActiveCfg = Release|Any CPU
		{13176C95-F239-4868-93C3-466E132694CD}.Release|Any CPU.Build.0 = Release|Any CPU
		{F498FD1E-A445-4E78-97B9-D0685DA69C78}.Debug|Any CPU.ActiveCfg = Debug|Any CPU
		{F498FD1E-A445-4E78-97B9-D0685DA69C78}.Debug|Any CPU.Build.0 = Debug|Any CPU
		{F498FD1E-A445-4E78-97B9-D0685DA69C78}.Release|Any CPU.ActiveCfg = Release|Any CPU
		{F498FD1E-A445-4E78-97B9-D0685DA69C78}.Release|Any CPU.Build.0 = Release|Any CPU
		{57577F36-8D7D-40BE-A0DA-C6352A6932D7}.Debug|Any CPU.ActiveCfg = Debug|Any CPU
		{57577F36-8D7D-40BE-A0DA-C6352A6932D7}.Debug|Any CPU.Build.0 = Debug|Any CPU
		{57577F36-8D7D-40BE-A0DA-C6352A6932D7}.Release|Any CPU.ActiveCfg = Release|Any CPU
		{57577F36-8D7D-40BE-A0DA-C6352A6932D7}.Release|Any CPU.Build.0 = Release|Any CPU
	EndGlobalSection
	GlobalSection(SolutionProperties) = preSolution
		HideSolutionNode = FALSE
	EndGlobalSection
	GlobalSection(ExtensibilityGlobals) = postSolution
		SolutionGuid = {0E2592B1-64B5-444D-A6FE-AEAA64502B13}
	EndGlobalSection
EndGlobal
